
Microsoft Visual Studio Solution File, Format Version 12.00
# Visual Studio Version 16
VisualStudioVersion = 16.0.29209.62
MinimumVisualStudioVersion = 10.0.40219.1
Project("{FAE04EC0-301F-11D3-BF4B-00C04F79EFBC}") = "ConsoleApp1", "ConsoleApp1\ConsoleApp1.csproj", "{A77AD757-694C-4BC4-B673-56ED5415EEF6}"
EndProject
Project("{2150E333-8FDC-42A3-9474-1A3956D46DE8}") = "UI", "UI", "{20DEC99B-30EE-4E66-8215-626C8260E19B}"
EndProject
Project("{2150E333-8FDC-42A3-9474-1A3956D46DE8}") = "Core", "Core", "{6C0D8207-B915-4BEB-BC56-F0AFCDE941EA}"
EndProject
Project("{2150E333-8FDC-42A3-9474-1A3956D46DE8}") = "Infrastructure", "Infrastructure", "{6FDD3D95-414B-44F4-B97D-EE53C53EAD18}"
EndProject
Project("{FAE04EC0-301F-11D3-BF4B-00C04F79EFBC}") = "Interdisciplinary.Core.Entity", "Interdisciplinary.Core.Entity\Interdisciplinary.Core.Entity.csproj", "{C626E556-BB6E-4C7C-9CE5-7B8D61B76B8D}"
EndProject
Project("{FAE04EC0-301F-11D3-BF4B-00C04F79EFBC}") = "Interdisciplinary.Core", "Interdisciplinary.Core\Interdisciplinary.Core.csproj", "{0A10DB99-2B74-425C-9128-B3EC2BCF7780}"
EndProject
Project("{FAE04EC0-301F-11D3-BF4B-00C04F79EFBC}") = "Infrastructure.Data", "Infrastructure.Data\Infrastructure.Data.csproj", "{BDCB7892-E266-442E-AC3B-1D5A99352B15}"
EndProject
Project("{FAE04EC0-301F-11D3-BF4B-00C04F79EFBC}") = "UI.RestAPI", "UI.RestAPI\UI.RestAPI.csproj", "{639205F3-FCC1-491A-82E6-EFD08A84BD82}"
EndProject
Global
	GlobalSection(SolutionConfigurationPlatforms) = preSolution
		Debug|Any CPU = Debug|Any CPU
		Release|Any CPU = Release|Any CPU
	EndGlobalSection
	GlobalSection(ProjectConfigurationPlatforms) = postSolution
		{A77AD757-694C-4BC4-B673-56ED5415EEF6}.Debug|Any CPU.ActiveCfg = Debug|Any CPU
		{A77AD757-694C-4BC4-B673-56ED5415EEF6}.Debug|Any CPU.Build.0 = Debug|Any CPU
		{A77AD757-694C-4BC4-B673-56ED5415EEF6}.Release|Any CPU.ActiveCfg = Release|Any CPU
		{A77AD757-694C-4BC4-B673-56ED5415EEF6}.Release|Any CPU.Build.0 = Release|Any CPU
		{C626E556-BB6E-4C7C-9CE5-7B8D61B76B8D}.Debug|Any CPU.ActiveCfg = Debug|Any CPU
		{C626E556-BB6E-4C7C-9CE5-7B8D61B76B8D}.Debug|Any CPU.Build.0 = Debug|Any CPU
		{C626E556-BB6E-4C7C-9CE5-7B8D61B76B8D}.Release|Any CPU.ActiveCfg = Release|Any CPU
		{C626E556-BB6E-4C7C-9CE5-7B8D61B76B8D}.Release|Any CPU.Build.0 = Release|Any CPU
		{0A10DB99-2B74-425C-9128-B3EC2BCF7780}.Debug|Any CPU.ActiveCfg = Debug|Any CPU
		{0A10DB99-2B74-425C-9128-B3EC2BCF7780}.Debug|Any CPU.Build.0 = Debug|Any CPU
		{0A10DB99-2B74-425C-9128-B3EC2BCF7780}.Release|Any CPU.ActiveCfg = Release|Any CPU
		{0A10DB99-2B74-425C-9128-B3EC2BCF7780}.Release|Any CPU.Build.0 = Release|Any CPU
		{BDCB7892-E266-442E-AC3B-1D5A99352B15}.Debug|Any CPU.ActiveCfg = Debug|Any CPU
		{BDCB7892-E266-442E-AC3B-1D5A99352B15}.Debug|Any CPU.Build.0 = Debug|Any CPU
		{BDCB7892-E266-442E-AC3B-1D5A99352B15}.Release|Any CPU.ActiveCfg = Release|Any CPU
		{BDCB7892-E266-442E-AC3B-1D5A99352B15}.Release|Any CPU.Build.0 = Release|Any CPU
		{639205F3-FCC1-491A-82E6-EFD08A84BD82}.Debug|Any CPU.ActiveCfg = Debug|Any CPU
		{639205F3-FCC1-491A-82E6-EFD08A84BD82}.Debug|Any CPU.Build.0 = Debug|Any CPU
		{639205F3-FCC1-491A-82E6-EFD08A84BD82}.Release|Any CPU.ActiveCfg = Release|Any CPU
		{639205F3-FCC1-491A-82E6-EFD08A84BD82}.Release|Any CPU.Build.0 = Release|Any CPU
	EndGlobalSection
	GlobalSection(SolutionProperties) = preSolution
		HideSolutionNode = FALSE
	EndGlobalSection
	GlobalSection(NestedProjects) = preSolution
		{A77AD757-694C-4BC4-B673-56ED5415EEF6} = {20DEC99B-30EE-4E66-8215-626C8260E19B}
		{C626E556-BB6E-4C7C-9CE5-7B8D61B76B8D} = {6C0D8207-B915-4BEB-BC56-F0AFCDE941EA}
		{0A10DB99-2B74-425C-9128-B3EC2BCF7780} = {6C0D8207-B915-4BEB-BC56-F0AFCDE941EA}
		{BDCB7892-E266-442E-AC3B-1D5A99352B15} = {6FDD3D95-414B-44F4-B97D-EE53C53EAD18}
		{639205F3-FCC1-491A-82E6-EFD08A84BD82} = {20DEC99B-30EE-4E66-8215-626C8260E19B}
	EndGlobalSection
	GlobalSection(ExtensibilityGlobals) = postSolution
		SolutionGuid = {9AAA24F3-A1DB-49AA-8DF9-85AF801E2607}
	EndGlobalSection
EndGlobal
