
Microsoft Visual Studio Solution File, Format Version 12.00
# Visual Studio Version 16
VisualStudioVersion = 16.0.29209.62
MinimumVisualStudioVersion = 10.0.40219.1
Project("{FAE04EC0-301F-11D3-BF4B-00C04F79EFBC}") = "ConsoleApp1", "ConsoleApp1\ConsoleApp1.csproj", "{A77AD757-694C-4BC4-B673-56ED5415EEF6}"
EndProject
Project("{2150E333-8FDC-42A3-9474-1A3956D46DE8}") = "UI", "UI", "{20DEC99B-30EE-4E66-8215-626C8260E19B}"
EndProject
Project("{2150E333-8FDC-42A3-9474-1A3956D46DE8}") = "Core", "Core", "{6C0D8207-B915-4BEB-BC56-F0AFCDE941EA}"
EndProject
Project("{2150E333-8FDC-42A3-9474-1A3956D46DE8}") = "Infrastructure", "Infrastructure", "{6FDD3D95-414B-44F4-B97D-EE53C53EAD18}"
EndProject
Project("{2150E333-8FDC-42A3-9474-1A3956D46DE8}") = "Repositories", "Repositories", "{2BD50E61-E546-4FAA-AD9C-A68409E29CB9}"
EndProject
Project("{2150E333-8FDC-42A3-9474-1A3956D46DE8}") = "ApplicationServices", "ApplicationServices", "{3CCDC030-FC3C-43E8-B38E-913F3DA5919B}"
EndProject
Project("{2150E333-8FDC-42A3-9474-1A3956D46DE8}") = "DomainServices", "DomainServices", "{8E353615-CC93-4C9A-9C9F-CB81FE9B6DD4}"
EndProject
Project("{2150E333-8FDC-42A3-9474-1A3956D46DE8}") = "Services", "Services", "{56F85E33-F2FB-41E5-86BF-75D24ECEE44B}"
EndProject
Project("{FAE04EC0-301F-11D3-BF4B-00C04F79EFBC}") = "Interdisciplinary.Core.Entity", "Interdisciplinary.Core.Entity\Interdisciplinary.Core.Entity.csproj", "{C626E556-BB6E-4C7C-9CE5-7B8D61B76B8D}"
EndProject
Global
	GlobalSection(SolutionConfigurationPlatforms) = preSolution
		Debug|Any CPU = Debug|Any CPU
		Release|Any CPU = Release|Any CPU
	EndGlobalSection
	GlobalSection(ProjectConfigurationPlatforms) = postSolution
		{A77AD757-694C-4BC4-B673-56ED5415EEF6}.Debug|Any CPU.ActiveCfg = Debug|Any CPU
		{A77AD757-694C-4BC4-B673-56ED5415EEF6}.Debug|Any CPU.Build.0 = Debug|Any CPU
		{A77AD757-694C-4BC4-B673-56ED5415EEF6}.Release|Any CPU.ActiveCfg = Release|Any CPU
		{A77AD757-694C-4BC4-B673-56ED5415EEF6}.Release|Any CPU.Build.0 = Release|Any CPU
		{C626E556-BB6E-4C7C-9CE5-7B8D61B76B8D}.Debug|Any CPU.ActiveCfg = Debug|Any CPU
		{C626E556-BB6E-4C7C-9CE5-7B8D61B76B8D}.Debug|Any CPU.Build.0 = Debug|Any CPU
		{C626E556-BB6E-4C7C-9CE5-7B8D61B76B8D}.Release|Any CPU.ActiveCfg = Release|Any CPU
		{C626E556-BB6E-4C7C-9CE5-7B8D61B76B8D}.Release|Any CPU.Build.0 = Release|Any CPU
	EndGlobalSection
	GlobalSection(SolutionProperties) = preSolution
		HideSolutionNode = FALSE
	EndGlobalSection
	GlobalSection(NestedProjects) = preSolution
		{A77AD757-694C-4BC4-B673-56ED5415EEF6} = {20DEC99B-30EE-4E66-8215-626C8260E19B}
		{2BD50E61-E546-4FAA-AD9C-A68409E29CB9} = {6FDD3D95-414B-44F4-B97D-EE53C53EAD18}
		{3CCDC030-FC3C-43E8-B38E-913F3DA5919B} = {6C0D8207-B915-4BEB-BC56-F0AFCDE941EA}
		{8E353615-CC93-4C9A-9C9F-CB81FE9B6DD4} = {6C0D8207-B915-4BEB-BC56-F0AFCDE941EA}
		{56F85E33-F2FB-41E5-86BF-75D24ECEE44B} = {3CCDC030-FC3C-43E8-B38E-913F3DA5919B}
		{C626E556-BB6E-4C7C-9CE5-7B8D61B76B8D} = {6C0D8207-B915-4BEB-BC56-F0AFCDE941EA}
	EndGlobalSection
	GlobalSection(ExtensibilityGlobals) = postSolution
		SolutionGuid = {9AAA24F3-A1DB-49AA-8DF9-85AF801E2607}
	EndGlobalSection
EndGlobal
